
Microsoft Visual Studio Solution File, Format Version 12.00
# Visual Studio Version 17
VisualStudioVersion = 17.8.34322.80
MinimumVisualStudioVersion = 10.0.40219.1
Project("{8BC9CEB8-8B4A-11D0-8D11-00A0C91BC942}") = "Chapter1", "Chapter1\Chapter1.vcxproj", "{874C9289-F64B-4C84-BE7F-9BD2F5733F4F}"
EndProject
Project("{8BC9CEB8-8B4A-11D0-8D11-00A0C91BC942}") = "Chapter2", "Chapter2\Chapter2.vcxproj", "{1DD21839-B61C-4011-8A07-D7F5039B8070}"
EndProject
Project("{8BC9CEB8-8B4A-11D0-8D11-00A0C91BC942}") = "Chapter3", "Chapter3\Chapter3.vcxproj", "{DB142ABE-F63C-4DDC-8916-270008EF37AD}"
EndProject
Project("{8BC9CEB8-8B4A-11D0-8D11-00A0C91BC942}") = "Chapter4", "Chapter4\Chapter4.vcxproj", "{543F62E3-8140-4513-B5F1-A64372B6D4E4}"
EndProject
Project("{8BC9CEB8-8B4A-11D0-8D11-00A0C91BC942}") = "Chapter6", "Chapter6\Chapter6.vcxproj", "{86B63C13-4A98-41C7-83A3-196492544B89}"
EndProject
Project("{8BC9CEB8-8B4A-11D0-8D11-00A0C91BC942}") = "Chapter7", "Chapter7\Chapter7.vcxproj", "{81B28A73-4F45-4666-8260-F02919A5783E}"
EndProject
Project("{8BC9CEB8-8B4A-11D0-8D11-00A0C91BC942}") = "Chapter8", "Chapter8\Chapter8.vcxproj", "{0431A918-B7F4-4CCE-891C-77E1D51BA437}"
EndProject
Project("{8BC9CEB8-8B4A-11D0-8D11-00A0C91BC942}") = "Chapter9", "Chapter9\Chapter9.vcxproj", "{8A78C3ED-A79E-4E16-9DEE-4C336EE303FC}"
EndProject
Global
	GlobalSection(SolutionConfigurationPlatforms) = preSolution
		Debug|x64 = Debug|x64
		Debug|x86 = Debug|x86
		Release|x64 = Release|x64
		Release|x86 = Release|x86
	EndGlobalSection
	GlobalSection(ProjectConfigurationPlatforms) = postSolution
		{874C9289-F64B-4C84-BE7F-9BD2F5733F4F}.Debug|x64.ActiveCfg = Debug|x64
		{874C9289-F64B-4C84-BE7F-9BD2F5733F4F}.Debug|x64.Build.0 = Debug|x64
		{874C9289-F64B-4C84-BE7F-9BD2F5733F4F}.Debug|x86.ActiveCfg = Debug|Win32
		{874C9289-F64B-4C84-BE7F-9BD2F5733F4F}.Debug|x86.Build.0 = Debug|Win32
		{874C9289-F64B-4C84-BE7F-9BD2F5733F4F}.Release|x64.ActiveCfg = Release|x64
		{874C9289-F64B-4C84-BE7F-9BD2F5733F4F}.Release|x64.Build.0 = Release|x64
		{874C9289-F64B-4C84-BE7F-9BD2F5733F4F}.Release|x86.ActiveCfg = Release|Win32
		{874C9289-F64B-4C84-BE7F-9BD2F5733F4F}.Release|x86.Build.0 = Release|Win32
		{1DD21839-B61C-4011-8A07-D7F5039B8070}.Debug|x64.ActiveCfg = Debug|x64
		{1DD21839-B61C-4011-8A07-D7F5039B8070}.Debug|x64.Build.0 = Debug|x64
		{1DD21839-B61C-4011-8A07-D7F5039B8070}.Debug|x86.ActiveCfg = Debug|Win32
		{1DD21839-B61C-4011-8A07-D7F5039B8070}.Debug|x86.Build.0 = Debug|Win32
		{1DD21839-B61C-4011-8A07-D7F5039B8070}.Release|x64.ActiveCfg = Release|x64
		{1DD21839-B61C-4011-8A07-D7F5039B8070}.Release|x64.Build.0 = Release|x64
		{1DD21839-B61C-4011-8A07-D7F5039B8070}.Release|x86.ActiveCfg = Release|Win32
		{1DD21839-B61C-4011-8A07-D7F5039B8070}.Release|x86.Build.0 = Release|Win32
		{DB142ABE-F63C-4DDC-8916-270008EF37AD}.Debug|x64.ActiveCfg = Debug|x64
		{DB142ABE-F63C-4DDC-8916-270008EF37AD}.Debug|x64.Build.0 = Debug|x64
		{DB142ABE-F63C-4DDC-8916-270008EF37AD}.Debug|x86.ActiveCfg = Debug|Win32
		{DB142ABE-F63C-4DDC-8916-270008EF37AD}.Debug|x86.Build.0 = Debug|Win32
		{DB142ABE-F63C-4DDC-8916-270008EF37AD}.Release|x64.ActiveCfg = Release|x64
		{DB142ABE-F63C-4DDC-8916-270008EF37AD}.Release|x64.Build.0 = Release|x64
		{DB142ABE-F63C-4DDC-8916-270008EF37AD}.Release|x86.ActiveCfg = Release|Win32
		{DB142ABE-F63C-4DDC-8916-270008EF37AD}.Release|x86.Build.0 = Release|Win32
		{543F62E3-8140-4513-B5F1-A64372B6D4E4}.Debug|x64.ActiveCfg = Debug|x64
		{543F62E3-8140-4513-B5F1-A64372B6D4E4}.Debug|x64.Build.0 = Debug|x64
		{543F62E3-8140-4513-B5F1-A64372B6D4E4}.Debug|x86.ActiveCfg = Debug|Win32
		{543F62E3-8140-4513-B5F1-A64372B6D4E4}.Debug|x86.Build.0 = Debug|Win32
		{543F62E3-8140-4513-B5F1-A64372B6D4E4}.Release|x64.ActiveCfg = Release|x64
		{543F62E3-8140-4513-B5F1-A64372B6D4E4}.Release|x64.Build.0 = Release|x64
		{543F62E3-8140-4513-B5F1-A64372B6D4E4}.Release|x86.ActiveCfg = Release|Win32
		{543F62E3-8140-4513-B5F1-A64372B6D4E4}.Release|x86.Build.0 = Release|Win32
		{86B63C13-4A98-41C7-83A3-196492544B89}.Debug|x64.ActiveCfg = Debug|x64
		{86B63C13-4A98-41C7-83A3-196492544B89}.Debug|x64.Build.0 = Debug|x64
		{86B63C13-4A98-41C7-83A3-196492544B89}.Debug|x86.ActiveCfg = Debug|Win32
		{86B63C13-4A98-41C7-83A3-196492544B89}.Debug|x86.Build.0 = Debug|Win32
		{86B63C13-4A98-41C7-83A3-196492544B89}.Release|x64.ActiveCfg = Release|x64
		{86B63C13-4A98-41C7-83A3-196492544B89}.Release|x64.Build.0 = Release|x64
		{86B63C13-4A98-41C7-83A3-196492544B89}.Release|x86.ActiveCfg = Release|Win32
		{86B63C13-4A98-41C7-83A3-196492544B89}.Release|x86.Build.0 = Release|Win32
		{81B28A73-4F45-4666-8260-F02919A5783E}.Debug|x64.ActiveCfg = Debug|x64
		{81B28A73-4F45-4666-8260-F02919A5783E}.Debug|x64.Build.0 = Debug|x64
		{81B28A73-4F45-4666-8260-F02919A5783E}.Debug|x86.ActiveCfg = Debug|Win32
		{81B28A73-4F45-4666-8260-F02919A5783E}.Debug|x86.Build.0 = Debug|Win32
		{81B28A73-4F45-4666-8260-F02919A5783E}.Release|x64.ActiveCfg = Release|x64
		{81B28A73-4F45-4666-8260-F02919A5783E}.Release|x64.Build.0 = Release|x64
		{81B28A73-4F45-4666-8260-F02919A5783E}.Release|x86.ActiveCfg = Release|Win32
		{81B28A73-4F45-4666-8260-F02919A5783E}.Release|x86.Build.0 = Release|Win32
		{0431A918-B7F4-4CCE-891C-77E1D51BA437}.Debug|x64.ActiveCfg = Debug|x64
		{0431A918-B7F4-4CCE-891C-77E1D51BA437}.Debug|x64.Build.0 = Debug|x64
		{0431A918-B7F4-4CCE-891C-77E1D51BA437}.Debug|x86.ActiveCfg = Debug|Win32
		{0431A918-B7F4-4CCE-891C-77E1D51BA437}.Debug|x86.Build.0 = Debug|Win32
		{0431A918-B7F4-4CCE-891C-77E1D51BA437}.Release|x64.ActiveCfg = Release|x64
		{0431A918-B7F4-4CCE-891C-77E1D51BA437}.Release|x64.Build.0 = Release|x64
		{0431A918-B7F4-4CCE-891C-77E1D51BA437}.Release|x86.ActiveCfg = Release|Win32
		{0431A918-B7F4-4CCE-891C-77E1D51BA437}.Release|x86.Build.0 = Release|Win32
		{8A78C3ED-A79E-4E16-9DEE-4C336EE303FC}.Debug|x64.ActiveCfg = Debug|x64
		{8A78C3ED-A79E-4E16-9DEE-4C336EE303FC}.Debug|x64.Build.0 = Debug|x64
		{8A78C3ED-A79E-4E16-9DEE-4C336EE303FC}.Debug|x86.ActiveCfg = Debug|Win32
		{8A78C3ED-A79E-4E16-9DEE-4C336EE303FC}.Debug|x86.Build.0 = Debug|Win32
		{8A78C3ED-A79E-4E16-9DEE-4C336EE303FC}.Release|x64.ActiveCfg = Release|x64
		{8A78C3ED-A79E-4E16-9DEE-4C336EE303FC}.Release|x64.Build.0 = Release|x64
		{8A78C3ED-A79E-4E16-9DEE-4C336EE303FC}.Release|x86.ActiveCfg = Release|Win32
		{8A78C3ED-A79E-4E16-9DEE-4C336EE303FC}.Release|x86.Build.0 = Release|Win32
	EndGlobalSection
	GlobalSection(SolutionProperties) = preSolution
		HideSolutionNode = FALSE
	EndGlobalSection
	GlobalSection(ExtensibilityGlobals) = postSolution
		SolutionGuid = {5A46BB71-E5D4-46F8-8E6F-DFBCEAD61C0A}
	EndGlobalSection
EndGlobal
