
Microsoft Visual Studio Solution File, Format Version 12.00
# Visual Studio Version 17
VisualStudioVersion = 17.8.34322.80
MinimumVisualStudioVersion = 10.0.40219.1
Project("{8BC9CEB8-8B4A-11D0-8D11-00A0C91BC942}") = "Chapter2", "Chapter2\Chapter2.vcxproj", "{6BB9BEDA-4B07-48C7-BD12-9F84F78C7EE6}"
EndProject
Project("{8BC9CEB8-8B4A-11D0-8D11-00A0C91BC942}") = "Chapter3", "Chapter3\Chapter3.vcxproj", "{96FF7BF4-35EB-4A35-BDC5-A645D715A86E}"
EndProject
Project("{8BC9CEB8-8B4A-11D0-8D11-00A0C91BC942}") = "Chapter4", "Chapter4\Chapter4.vcxproj", "{CAC758DA-CE43-492D-A9A9-195662C20B71}"
EndProject
Project("{8BC9CEB8-8B4A-11D0-8D11-00A0C91BC942}") = "Chapter5", "Chapter5\Chapter5.vcxproj", "{3DBB1399-08B0-4D77-89FB-CF92D4FC69FF}"
EndProject
Project("{8BC9CEB8-8B4A-11D0-8D11-00A0C91BC942}") = "Chapter6", "Chapter6\Chapter6.vcxproj", "{2E5DE96D-13D9-4AB4-BB9B-98FED5FCE336}"
EndProject
Project("{8BC9CEB8-8B4A-11D0-8D11-00A0C91BC942}") = "Chapter7", "Chapter7\Chapter7.vcxproj", "{A756452B-EF13-40E3-9893-DC6EA159B0A5}"
EndProject
Project("{8BC9CEB8-8B4A-11D0-8D11-00A0C91BC942}") = "Chapter8", "Chapter8\Chapter8.vcxproj", "{E95E940A-6475-4398-B10B-2083BC952E6E}"
EndProject
Project("{8BC9CEB8-8B4A-11D0-8D11-00A0C91BC942}") = "Chapter9", "Chapter9\Chapter9.vcxproj", "{3E5162A5-01AC-4CFB-A8C7-CC1025857023}"
EndProject
Project("{8BC9CEB8-8B4A-11D0-8D11-00A0C91BC942}") = "Chapter11", "Chapter11\Chapter11.vcxproj", "{F1269EDC-ECA7-4515-806F-F8AD8024131A}"
EndProject
Project("{8BC9CEB8-8B4A-11D0-8D11-00A0C91BC942}") = "Chapter12", "Chapter12\Chapter12.vcxproj", "{B9C6A8FE-1DFF-4905-B404-8160B4775E7D}"
EndProject
Project("{8BC9CEB8-8B4A-11D0-8D11-00A0C91BC942}") = "Chapter13", "Chapter13\Chapter13.vcxproj", "{F7A40D50-F2E2-45B9-96D8-830D1E644810}"
EndProject
Project("{8BC9CEB8-8B4A-11D0-8D11-00A0C91BC942}") = "Chapter14", "Chapter14\Chapter14.vcxproj", "{94BCF701-8662-477A-AE2A-98894B86C697}"
EndProject
Project("{8BC9CEB8-8B4A-11D0-8D11-00A0C91BC942}") = "Chapter15", "Chapter15\Chapter15.vcxproj", "{B2D48A88-6C83-483B-984B-75D1B656907C}"
EndProject
Project("{8BC9CEB8-8B4A-11D0-8D11-00A0C91BC942}") = "Chapter16", "Chapter16\Chapter16.vcxproj", "{C23D1EAE-A0E9-4A6C-828F-A96C88544C47}"
EndProject
Global
	GlobalSection(SolutionConfigurationPlatforms) = preSolution
		Debug|x64 = Debug|x64
		Debug|x86 = Debug|x86
		Release|x64 = Release|x64
		Release|x86 = Release|x86
	EndGlobalSection
	GlobalSection(ProjectConfigurationPlatforms) = postSolution
		{6BB9BEDA-4B07-48C7-BD12-9F84F78C7EE6}.Debug|x64.ActiveCfg = Debug|x64
		{6BB9BEDA-4B07-48C7-BD12-9F84F78C7EE6}.Debug|x64.Build.0 = Debug|x64
		{6BB9BEDA-4B07-48C7-BD12-9F84F78C7EE6}.Debug|x86.ActiveCfg = Debug|Win32
		{6BB9BEDA-4B07-48C7-BD12-9F84F78C7EE6}.Debug|x86.Build.0 = Debug|Win32
		{6BB9BEDA-4B07-48C7-BD12-9F84F78C7EE6}.Release|x64.ActiveCfg = Release|x64
		{6BB9BEDA-4B07-48C7-BD12-9F84F78C7EE6}.Release|x64.Build.0 = Release|x64
		{6BB9BEDA-4B07-48C7-BD12-9F84F78C7EE6}.Release|x86.ActiveCfg = Release|Win32
		{6BB9BEDA-4B07-48C7-BD12-9F84F78C7EE6}.Release|x86.Build.0 = Release|Win32
		{96FF7BF4-35EB-4A35-BDC5-A645D715A86E}.Debug|x64.ActiveCfg = Debug|x64
		{96FF7BF4-35EB-4A35-BDC5-A645D715A86E}.Debug|x64.Build.0 = Debug|x64
		{96FF7BF4-35EB-4A35-BDC5-A645D715A86E}.Debug|x86.ActiveCfg = Debug|Win32
		{96FF7BF4-35EB-4A35-BDC5-A645D715A86E}.Debug|x86.Build.0 = Debug|Win32
		{96FF7BF4-35EB-4A35-BDC5-A645D715A86E}.Release|x64.ActiveCfg = Release|x64
		{96FF7BF4-35EB-4A35-BDC5-A645D715A86E}.Release|x64.Build.0 = Release|x64
		{96FF7BF4-35EB-4A35-BDC5-A645D715A86E}.Release|x86.ActiveCfg = Release|Win32
		{96FF7BF4-35EB-4A35-BDC5-A645D715A86E}.Release|x86.Build.0 = Release|Win32
		{CAC758DA-CE43-492D-A9A9-195662C20B71}.Debug|x64.ActiveCfg = Debug|x64
		{CAC758DA-CE43-492D-A9A9-195662C20B71}.Debug|x64.Build.0 = Debug|x64
		{CAC758DA-CE43-492D-A9A9-195662C20B71}.Debug|x86.ActiveCfg = Debug|Win32
		{CAC758DA-CE43-492D-A9A9-195662C20B71}.Debug|x86.Build.0 = Debug|Win32
		{CAC758DA-CE43-492D-A9A9-195662C20B71}.Release|x64.ActiveCfg = Release|x64
		{CAC758DA-CE43-492D-A9A9-195662C20B71}.Release|x64.Build.0 = Release|x64
		{CAC758DA-CE43-492D-A9A9-195662C20B71}.Release|x86.ActiveCfg = Release|Win32
		{CAC758DA-CE43-492D-A9A9-195662C20B71}.Release|x86.Build.0 = Release|Win32
		{3DBB1399-08B0-4D77-89FB-CF92D4FC69FF}.Debug|x64.ActiveCfg = Debug|x64
		{3DBB1399-08B0-4D77-89FB-CF92D4FC69FF}.Debug|x64.Build.0 = Debug|x64
		{3DBB1399-08B0-4D77-89FB-CF92D4FC69FF}.Debug|x86.ActiveCfg = Debug|Win32
		{3DBB1399-08B0-4D77-89FB-CF92D4FC69FF}.Debug|x86.Build.0 = Debug|Win32
		{3DBB1399-08B0-4D77-89FB-CF92D4FC69FF}.Release|x64.ActiveCfg = Release|x64
		{3DBB1399-08B0-4D77-89FB-CF92D4FC69FF}.Release|x64.Build.0 = Release|x64
		{3DBB1399-08B0-4D77-89FB-CF92D4FC69FF}.Release|x86.ActiveCfg = Release|Win32
		{3DBB1399-08B0-4D77-89FB-CF92D4FC69FF}.Release|x86.Build.0 = Release|Win32
		{2E5DE96D-13D9-4AB4-BB9B-98FED5FCE336}.Debug|x64.ActiveCfg = Debug|x64
		{2E5DE96D-13D9-4AB4-BB9B-98FED5FCE336}.Debug|x64.Build.0 = Debug|x64
		{2E5DE96D-13D9-4AB4-BB9B-98FED5FCE336}.Debug|x86.ActiveCfg = Debug|Win32
		{2E5DE96D-13D9-4AB4-BB9B-98FED5FCE336}.Debug|x86.Build.0 = Debug|Win32
		{2E5DE96D-13D9-4AB4-BB9B-98FED5FCE336}.Release|x64.ActiveCfg = Release|x64
		{2E5DE96D-13D9-4AB4-BB9B-98FED5FCE336}.Release|x64.Build.0 = Release|x64
		{2E5DE96D-13D9-4AB4-BB9B-98FED5FCE336}.Release|x86.ActiveCfg = Release|Win32
		{2E5DE96D-13D9-4AB4-BB9B-98FED5FCE336}.Release|x86.Build.0 = Release|Win32
		{A756452B-EF13-40E3-9893-DC6EA159B0A5}.Debug|x64.ActiveCfg = Debug|x64
		{A756452B-EF13-40E3-9893-DC6EA159B0A5}.Debug|x64.Build.0 = Debug|x64
		{A756452B-EF13-40E3-9893-DC6EA159B0A5}.Debug|x86.ActiveCfg = Debug|Win32
		{A756452B-EF13-40E3-9893-DC6EA159B0A5}.Debug|x86.Build.0 = Debug|Win32
		{A756452B-EF13-40E3-9893-DC6EA159B0A5}.Release|x64.ActiveCfg = Release|x64
		{A756452B-EF13-40E3-9893-DC6EA159B0A5}.Release|x64.Build.0 = Release|x64
		{A756452B-EF13-40E3-9893-DC6EA159B0A5}.Release|x86.ActiveCfg = Release|Win32
		{A756452B-EF13-40E3-9893-DC6EA159B0A5}.Release|x86.Build.0 = Release|Win32
		{E95E940A-6475-4398-B10B-2083BC952E6E}.Debug|x64.ActiveCfg = Debug|x64
		{E95E940A-6475-4398-B10B-2083BC952E6E}.Debug|x64.Build.0 = Debug|x64
		{E95E940A-6475-4398-B10B-2083BC952E6E}.Debug|x86.ActiveCfg = Debug|Win32
		{E95E940A-6475-4398-B10B-2083BC952E6E}.Debug|x86.Build.0 = Debug|Win32
		{E95E940A-6475-4398-B10B-2083BC952E6E}.Release|x64.ActiveCfg = Release|x64
		{E95E940A-6475-4398-B10B-2083BC952E6E}.Release|x64.Build.0 = Release|x64
		{E95E940A-6475-4398-B10B-2083BC952E6E}.Release|x86.ActiveCfg = Release|Win32
		{E95E940A-6475-4398-B10B-2083BC952E6E}.Release|x86.Build.0 = Release|Win32
		{3E5162A5-01AC-4CFB-A8C7-CC1025857023}.Debug|x64.ActiveCfg = Debug|x64
		{3E5162A5-01AC-4CFB-A8C7-CC1025857023}.Debug|x64.Build.0 = Debug|x64
		{3E5162A5-01AC-4CFB-A8C7-CC1025857023}.Debug|x86.ActiveCfg = Debug|Win32
		{3E5162A5-01AC-4CFB-A8C7-CC1025857023}.Debug|x86.Build.0 = Debug|Win32
		{3E5162A5-01AC-4CFB-A8C7-CC1025857023}.Release|x64.ActiveCfg = Release|x64
		{3E5162A5-01AC-4CFB-A8C7-CC1025857023}.Release|x64.Build.0 = Release|x64
		{3E5162A5-01AC-4CFB-A8C7-CC1025857023}.Release|x86.ActiveCfg = Release|Win32
		{3E5162A5-01AC-4CFB-A8C7-CC1025857023}.Release|x86.Build.0 = Release|Win32
		{F1269EDC-ECA7-4515-806F-F8AD8024131A}.Debug|x64.ActiveCfg = Debug|x64
		{F1269EDC-ECA7-4515-806F-F8AD8024131A}.Debug|x64.Build.0 = Debug|x64
		{F1269EDC-ECA7-4515-806F-F8AD8024131A}.Debug|x86.ActiveCfg = Debug|Win32
		{F1269EDC-ECA7-4515-806F-F8AD8024131A}.Debug|x86.Build.0 = Debug|Win32
		{F1269EDC-ECA7-4515-806F-F8AD8024131A}.Release|x64.ActiveCfg = Release|x64
		{F1269EDC-ECA7-4515-806F-F8AD8024131A}.Release|x64.Build.0 = Release|x64
		{F1269EDC-ECA7-4515-806F-F8AD8024131A}.Release|x86.ActiveCfg = Release|Win32
		{F1269EDC-ECA7-4515-806F-F8AD8024131A}.Release|x86.Build.0 = Release|Win32
		{B9C6A8FE-1DFF-4905-B404-8160B4775E7D}.Debug|x64.ActiveCfg = Debug|x64
		{B9C6A8FE-1DFF-4905-B404-8160B4775E7D}.Debug|x64.Build.0 = Debug|x64
		{B9C6A8FE-1DFF-4905-B404-8160B4775E7D}.Debug|x86.ActiveCfg = Debug|Win32
		{B9C6A8FE-1DFF-4905-B404-8160B4775E7D}.Debug|x86.Build.0 = Debug|Win32
		{B9C6A8FE-1DFF-4905-B404-8160B4775E7D}.Release|x64.ActiveCfg = Release|x64
		{B9C6A8FE-1DFF-4905-B404-8160B4775E7D}.Release|x64.Build.0 = Release|x64
		{B9C6A8FE-1DFF-4905-B404-8160B4775E7D}.Release|x86.ActiveCfg = Release|Win32
		{B9C6A8FE-1DFF-4905-B404-8160B4775E7D}.Release|x86.Build.0 = Release|Win32
		{F7A40D50-F2E2-45B9-96D8-830D1E644810}.Debug|x64.ActiveCfg = Debug|x64
		{F7A40D50-F2E2-45B9-96D8-830D1E644810}.Debug|x64.Build.0 = Debug|x64
		{F7A40D50-F2E2-45B9-96D8-830D1E644810}.Debug|x86.ActiveCfg = Debug|Win32
		{F7A40D50-F2E2-45B9-96D8-830D1E644810}.Debug|x86.Build.0 = Debug|Win32
		{F7A40D50-F2E2-45B9-96D8-830D1E644810}.Release|x64.ActiveCfg = Release|x64
		{F7A40D50-F2E2-45B9-96D8-830D1E644810}.Release|x64.Build.0 = Release|x64
		{F7A40D50-F2E2-45B9-96D8-830D1E644810}.Release|x86.ActiveCfg = Release|Win32
		{F7A40D50-F2E2-45B9-96D8-830D1E644810}.Release|x86.Build.0 = Release|Win32
		{94BCF701-8662-477A-AE2A-98894B86C697}.Debug|x64.ActiveCfg = Debug|x64
		{94BCF701-8662-477A-AE2A-98894B86C697}.Debug|x64.Build.0 = Debug|x64
		{94BCF701-8662-477A-AE2A-98894B86C697}.Debug|x86.ActiveCfg = Debug|Win32
		{94BCF701-8662-477A-AE2A-98894B86C697}.Debug|x86.Build.0 = Debug|Win32
		{94BCF701-8662-477A-AE2A-98894B86C697}.Release|x64.ActiveCfg = Release|x64
		{94BCF701-8662-477A-AE2A-98894B86C697}.Release|x64.Build.0 = Release|x64
		{94BCF701-8662-477A-AE2A-98894B86C697}.Release|x86.ActiveCfg = Release|Win32
		{94BCF701-8662-477A-AE2A-98894B86C697}.Release|x86.Build.0 = Release|Win32
		{B2D48A88-6C83-483B-984B-75D1B656907C}.Debug|x64.ActiveCfg = Debug|x64
		{B2D48A88-6C83-483B-984B-75D1B656907C}.Debug|x64.Build.0 = Debug|x64
		{B2D48A88-6C83-483B-984B-75D1B656907C}.Debug|x86.ActiveCfg = Debug|Win32
		{B2D48A88-6C83-483B-984B-75D1B656907C}.Debug|x86.Build.0 = Debug|Win32
		{B2D48A88-6C83-483B-984B-75D1B656907C}.Release|x64.ActiveCfg = Release|x64
		{B2D48A88-6C83-483B-984B-75D1B656907C}.Release|x64.Build.0 = Release|x64
		{B2D48A88-6C83-483B-984B-75D1B656907C}.Release|x86.ActiveCfg = Release|Win32
		{B2D48A88-6C83-483B-984B-75D1B656907C}.Release|x86.Build.0 = Release|Win32
		{C23D1EAE-A0E9-4A6C-828F-A96C88544C47}.Debug|x64.ActiveCfg = Debug|x64
		{C23D1EAE-A0E9-4A6C-828F-A96C88544C47}.Debug|x64.Build.0 = Debug|x64
		{C23D1EAE-A0E9-4A6C-828F-A96C88544C47}.Debug|x86.ActiveCfg = Debug|Win32
		{C23D1EAE-A0E9-4A6C-828F-A96C88544C47}.Debug|x86.Build.0 = Debug|Win32
		{C23D1EAE-A0E9-4A6C-828F-A96C88544C47}.Release|x64.ActiveCfg = Release|x64
		{C23D1EAE-A0E9-4A6C-828F-A96C88544C47}.Release|x64.Build.0 = Release|x64
		{C23D1EAE-A0E9-4A6C-828F-A96C88544C47}.Release|x86.ActiveCfg = Release|Win32
		{C23D1EAE-A0E9-4A6C-828F-A96C88544C47}.Release|x86.Build.0 = Release|Win32
	EndGlobalSection
	GlobalSection(SolutionProperties) = preSolution
		HideSolutionNode = FALSE
	EndGlobalSection
	GlobalSection(ExtensibilityGlobals) = postSolution
		SolutionGuid = {DFC0121C-0344-4B8E-822F-C7BBEF0F2E99}
	EndGlobalSection
EndGlobal
