
Microsoft Visual Studio Solution File, Format Version 12.00
# Visual Studio Version 17
VisualStudioVersion = 17.8.34322.80
MinimumVisualStudioVersion = 10.0.40219.1
Project("{8BC9CEB8-8B4A-11D0-8D11-00A0C91BC942}") = "Chapter2", "Chapter2\Chapter2.vcxproj", "{6BB9BEDA-4B07-48C7-BD12-9F84F78C7EE6}"
EndProject
Project("{8BC9CEB8-8B4A-11D0-8D11-00A0C91BC942}") = "Chapter3", "Chapter3\Chapter3.vcxproj", "{96FF7BF4-35EB-4A35-BDC5-A645D715A86E}"
EndProject
Project("{8BC9CEB8-8B4A-11D0-8D11-00A0C91BC942}") = "Chapter4", "Chapter4\Chapter4.vcxproj", "{CAC758DA-CE43-492D-A9A9-195662C20B71}"
EndProject
Project("{8BC9CEB8-8B4A-11D0-8D11-00A0C91BC942}") = "Chapter5", "Chapter5\Chapter5.vcxproj", "{3DBB1399-08B0-4D77-89FB-CF92D4FC69FF}"
EndProject
Project("{8BC9CEB8-8B4A-11D0-8D11-00A0C91BC942}") = "Chapter6", "Chapter6\Chapter6.vcxproj", "{2E5DE96D-13D9-4AB4-BB9B-98FED5FCE336}"
EndProject
Global
	GlobalSection(SolutionConfigurationPlatforms) = preSolution
		Debug|x64 = Debug|x64
		Debug|x86 = Debug|x86
		Release|x64 = Release|x64
		Release|x86 = Release|x86
	EndGlobalSection
	GlobalSection(ProjectConfigurationPlatforms) = postSolution
		{6BB9BEDA-4B07-48C7-BD12-9F84F78C7EE6}.Debug|x64.ActiveCfg = Debug|x64
		{6BB9BEDA-4B07-48C7-BD12-9F84F78C7EE6}.Debug|x64.Build.0 = Debug|x64
		{6BB9BEDA-4B07-48C7-BD12-9F84F78C7EE6}.Debug|x86.ActiveCfg = Debug|Win32
		{6BB9BEDA-4B07-48C7-BD12-9F84F78C7EE6}.Debug|x86.Build.0 = Debug|Win32
		{6BB9BEDA-4B07-48C7-BD12-9F84F78C7EE6}.Release|x64.ActiveCfg = Release|x64
		{6BB9BEDA-4B07-48C7-BD12-9F84F78C7EE6}.Release|x64.Build.0 = Release|x64
		{6BB9BEDA-4B07-48C7-BD12-9F84F78C7EE6}.Release|x86.ActiveCfg = Release|Win32
		{6BB9BEDA-4B07-48C7-BD12-9F84F78C7EE6}.Release|x86.Build.0 = Release|Win32
		{96FF7BF4-35EB-4A35-BDC5-A645D715A86E}.Debug|x64.ActiveCfg = Debug|x64
		{96FF7BF4-35EB-4A35-BDC5-A645D715A86E}.Debug|x64.Build.0 = Debug|x64
		{96FF7BF4-35EB-4A35-BDC5-A645D715A86E}.Debug|x86.ActiveCfg = Debug|Win32
		{96FF7BF4-35EB-4A35-BDC5-A645D715A86E}.Debug|x86.Build.0 = Debug|Win32
		{96FF7BF4-35EB-4A35-BDC5-A645D715A86E}.Release|x64.ActiveCfg = Release|x64
		{96FF7BF4-35EB-4A35-BDC5-A645D715A86E}.Release|x64.Build.0 = Release|x64
		{96FF7BF4-35EB-4A35-BDC5-A645D715A86E}.Release|x86.ActiveCfg = Release|Win32
		{96FF7BF4-35EB-4A35-BDC5-A645D715A86E}.Release|x86.Build.0 = Release|Win32
		{CAC758DA-CE43-492D-A9A9-195662C20B71}.Debug|x64.ActiveCfg = Debug|x64
		{CAC758DA-CE43-492D-A9A9-195662C20B71}.Debug|x64.Build.0 = Debug|x64
		{CAC758DA-CE43-492D-A9A9-195662C20B71}.Debug|x86.ActiveCfg = Debug|Win32
		{CAC758DA-CE43-492D-A9A9-195662C20B71}.Debug|x86.Build.0 = Debug|Win32
		{CAC758DA-CE43-492D-A9A9-195662C20B71}.Release|x64.ActiveCfg = Release|x64
		{CAC758DA-CE43-492D-A9A9-195662C20B71}.Release|x64.Build.0 = Release|x64
		{CAC758DA-CE43-492D-A9A9-195662C20B71}.Release|x86.ActiveCfg = Release|Win32
		{CAC758DA-CE43-492D-A9A9-195662C20B71}.Release|x86.Build.0 = Release|Win32
		{3DBB1399-08B0-4D77-89FB-CF92D4FC69FF}.Debug|x64.ActiveCfg = Debug|x64
		{3DBB1399-08B0-4D77-89FB-CF92D4FC69FF}.Debug|x64.Build.0 = Debug|x64
		{3DBB1399-08B0-4D77-89FB-CF92D4FC69FF}.Debug|x86.ActiveCfg = Debug|Win32
		{3DBB1399-08B0-4D77-89FB-CF92D4FC69FF}.Debug|x86.Build.0 = Debug|Win32
		{3DBB1399-08B0-4D77-89FB-CF92D4FC69FF}.Release|x64.ActiveCfg = Release|x64
		{3DBB1399-08B0-4D77-89FB-CF92D4FC69FF}.Release|x64.Build.0 = Release|x64
		{3DBB1399-08B0-4D77-89FB-CF92D4FC69FF}.Release|x86.ActiveCfg = Release|Win32
		{3DBB1399-08B0-4D77-89FB-CF92D4FC69FF}.Release|x86.Build.0 = Release|Win32
		{2E5DE96D-13D9-4AB4-BB9B-98FED5FCE336}.Debug|x64.ActiveCfg = Debug|x64
		{2E5DE96D-13D9-4AB4-BB9B-98FED5FCE336}.Debug|x64.Build.0 = Debug|x64
		{2E5DE96D-13D9-4AB4-BB9B-98FED5FCE336}.Debug|x86.ActiveCfg = Debug|Win32
		{2E5DE96D-13D9-4AB4-BB9B-98FED5FCE336}.Debug|x86.Build.0 = Debug|Win32
		{2E5DE96D-13D9-4AB4-BB9B-98FED5FCE336}.Release|x64.ActiveCfg = Release|x64
		{2E5DE96D-13D9-4AB4-BB9B-98FED5FCE336}.Release|x64.Build.0 = Release|x64
		{2E5DE96D-13D9-4AB4-BB9B-98FED5FCE336}.Release|x86.ActiveCfg = Release|Win32
		{2E5DE96D-13D9-4AB4-BB9B-98FED5FCE336}.Release|x86.Build.0 = Release|Win32
	EndGlobalSection
	GlobalSection(SolutionProperties) = preSolution
		HideSolutionNode = FALSE
	EndGlobalSection
	GlobalSection(ExtensibilityGlobals) = postSolution
		SolutionGuid = {DFC0121C-0344-4B8E-822F-C7BBEF0F2E99}
	EndGlobalSection
EndGlobal
